# This file was autogenerated by Stack.
# You should not edit this file by hand.
# For more information, please see the documentation at:
#   https://docs.haskellstack.org/en/stable/lock_files

packages:
- completed:
    size: 10222
    url: https://github.com/jprupp/rocksdb-haskell/archive/7bc824e8d07ed5a776735caae0b52fc1edf7286d.tar.gz
    name: rocksdb-haskell-jprupp
    version: 2.0.0
    sha256: 5781abaf61832ea36c913db7d3a3aefa25d417199f269df574905caa2b392df8
    pantry-tree:
      size: 916
      sha256: 7b9c0e3887b31e0f3a8c7ac13d35c56f76c964fa9d1dffa342ccfe3b591d403a
  original:
    url: https://github.com/jprupp/rocksdb-haskell/archive/7bc824e8d07ed5a776735caae0b52fc1edf7286d.tar.gz
snapshots:
- completed:
    size: 531237
    url: https://raw.githubusercontent.com/commercialhaskell/stackage-snapshots/master/lts/16/0.yaml
    sha256: 210e15b7043e2783115afe16b0d54914b1611cdaa73f3ca3ca7f8e0847ff54e5
  original: lts-16.0
