# This file was autogenerated by Stack.
# You should not edit this file by hand.
# For more information, please see the documentation at:
#   https://docs.haskellstack.org/en/stable/lock_files

packages:
- completed:
    size: 10893
    url: https://github.com/jprupp/rocksdb-haskell/archive/c7b6c452d5de7e0df4961e06642123c2374819ac.tar.gz
    name: rocksdb-haskell-jprupp
    version: 2.0.0
    sha256: 1dc262e25d5863886629bd2bd5934367e0f00a81a655a5f221de85092132a73d
    pantry-tree:
      size: 867
      sha256: cb9351d772e3ec7cec74c418d760283fc368a6986364a6803b59a153524fbf2f
  original:
    url: https://github.com/jprupp/rocksdb-haskell/archive/c7b6c452d5de7e0df4961e06642123c2374819ac.tar.gz
snapshots:
- completed:
    size: 531237
    url: https://raw.githubusercontent.com/commercialhaskell/stackage-snapshots/master/lts/16/0.yaml
    sha256: 210e15b7043e2783115afe16b0d54914b1611cdaa73f3ca3ca7f8e0847ff54e5
  original: lts-16.0
