# This file was autogenerated by Stack.
# You should not edit this file by hand.
# For more information, please see the documentation at:
#   https://docs.haskellstack.org/en/stable/lock_files

packages:
- completed:
    hackage: rocksdb-haskell-jprupp-2.1.1@sha256:dc32b9aefd258f5642be7cfa7e4b1a5d327e339c1dd44877fc68648da605a33b,1703
    pantry-tree:
      size: 712
      sha256: 2de1c132a5dc70df1a86877da0f3d59e5f1a71242498dbe0f8236a335330a4ac
  original:
    hackage: rocksdb-haskell-jprupp-2.1.1
snapshots:
- completed:
    size: 531237
    url: https://raw.githubusercontent.com/commercialhaskell/stackage-snapshots/master/lts/16/0.yaml
    sha256: 210e15b7043e2783115afe16b0d54914b1611cdaa73f3ca3ca7f8e0847ff54e5
  original: lts-16.0
